// !$*UTF8*$!
{
	archiveVersion = 1;
	classes = {
	};
	objectVersion = 46;
	objects = {

/* Begin PBXBuildFile section */
		D102B3AC1BB5AE4200140E2E /* CashClient.cpp in Sources */ = {isa = PBXBuildFile; fileRef = D102B3AA1BB5AE4100140E2E /* CashClient.cpp */; settings = {ASSET_TAGS = (); }; };
		D104E6E51B0513AF007E89B9 /* libz.dylib in Frameworks */ = {isa = PBXBuildFile; fileRef = D104E6E41B0513AF007E89B9 /* libz.dylib */; };
		D104E6E61B051DFD007E89B9 /* libz.dylib in Frameworks */ = {isa = PBXBuildFile; fileRef = D104E6E41B0513AF007E89B9 /* libz.dylib */; };
		D10C77571BC421F600BAAB0F /* CashServer.cpp in Sources */ = {isa = PBXBuildFile; fileRef = D10C77551BC421F500BAAB0F /* CashServer.cpp */; settings = {ASSET_TAGS = (); }; };
		D11388201BC6B00F008CCA5D /* libcrypto.a in Frameworks */ = {isa = PBXBuildFile; fileRef = D19DE85A1AC1724000235D38 /* libcrypto.a */; };
		D11388211BC6B00F008CCA5D /* libssl.a in Frameworks */ = {isa = PBXBuildFile; fileRef = D19DE85B1AC1724000235D38 /* libssl.a */; };
		D144F5CD1BD1350400811024 /* MIEServerMT.cpp in Sources */ = {isa = PBXBuildFile; fileRef = D144F5CB1BD1350400811024 /* MIEServerMT.cpp */; settings = {ASSET_TAGS = (); }; };
		D1508DA71AC18387003D3387 /* libopencv_calib3d.2.4.dylib in CopyFiles */ = {isa = PBXBuildFile; fileRef = D1508D971AC18387003D3387 /* libopencv_calib3d.2.4.dylib */; settings = {ATTRIBUTES = (CodeSignOnCopy, ); }; };
		D1508DA81AC18387003D3387 /* libopencv_contrib.2.4.dylib in CopyFiles */ = {isa = PBXBuildFile; fileRef = D1508D981AC18387003D3387 /* libopencv_contrib.2.4.dylib */; settings = {ATTRIBUTES = (CodeSignOnCopy, ); }; };
		D1508DA91AC18387003D3387 /* libopencv_core.2.4.dylib in CopyFiles */ = {isa = PBXBuildFile; fileRef = D1508D991AC18387003D3387 /* libopencv_core.2.4.dylib */; settings = {ATTRIBUTES = (CodeSignOnCopy, ); }; };
		D1508DAA1AC18387003D3387 /* libopencv_features2d.2.4.dylib in CopyFiles */ = {isa = PBXBuildFile; fileRef = D1508D9A1AC18387003D3387 /* libopencv_features2d.2.4.dylib */; settings = {ATTRIBUTES = (CodeSignOnCopy, ); }; };
		D1508DAB1AC18387003D3387 /* libopencv_flann.2.4.dylib in CopyFiles */ = {isa = PBXBuildFile; fileRef = D1508D9B1AC18387003D3387 /* libopencv_flann.2.4.dylib */; settings = {ATTRIBUTES = (CodeSignOnCopy, ); }; };
		D1508DAC1AC18387003D3387 /* libopencv_gpu.2.4.dylib in CopyFiles */ = {isa = PBXBuildFile; fileRef = D1508D9C1AC18387003D3387 /* libopencv_gpu.2.4.dylib */; settings = {ATTRIBUTES = (CodeSignOnCopy, ); }; };
		D1508DAD1AC18387003D3387 /* libopencv_legacy.2.4.dylib in CopyFiles */ = {isa = PBXBuildFile; fileRef = D1508D9D1AC18387003D3387 /* libopencv_legacy.2.4.dylib */; settings = {ATTRIBUTES = (CodeSignOnCopy, ); }; };
		D1508DAE1AC18387003D3387 /* libopencv_ml.2.4.dylib in CopyFiles */ = {isa = PBXBuildFile; fileRef = D1508D9E1AC18387003D3387 /* libopencv_ml.2.4.dylib */; settings = {ATTRIBUTES = (CodeSignOnCopy, ); }; };
		D1508DAF1AC18387003D3387 /* libopencv_nonfree.2.4.dylib in CopyFiles */ = {isa = PBXBuildFile; fileRef = D1508D9F1AC18387003D3387 /* libopencv_nonfree.2.4.dylib */; settings = {ATTRIBUTES = (CodeSignOnCopy, ); }; };
		D1508DB01AC18387003D3387 /* libopencv_objdetect.2.4.dylib in CopyFiles */ = {isa = PBXBuildFile; fileRef = D1508DA01AC18387003D3387 /* libopencv_objdetect.2.4.dylib */; settings = {ATTRIBUTES = (CodeSignOnCopy, ); }; };
		D1508DB11AC18387003D3387 /* libopencv_ocl.2.4.dylib in CopyFiles */ = {isa = PBXBuildFile; fileRef = D1508DA11AC18387003D3387 /* libopencv_ocl.2.4.dylib */; settings = {ATTRIBUTES = (CodeSignOnCopy, ); }; };
		D1508DB21AC18387003D3387 /* libopencv_photo.2.4.dylib in CopyFiles */ = {isa = PBXBuildFile; fileRef = D1508DA21AC18387003D3387 /* libopencv_photo.2.4.dylib */; settings = {ATTRIBUTES = (CodeSignOnCopy, ); }; };
		D1508DB31AC18387003D3387 /* libopencv_stitching.2.4.dylib in CopyFiles */ = {isa = PBXBuildFile; fileRef = D1508DA31AC18387003D3387 /* libopencv_stitching.2.4.dylib */; settings = {ATTRIBUTES = (CodeSignOnCopy, ); }; };
		D1508DB41AC18387003D3387 /* libopencv_superres.2.4.dylib in CopyFiles */ = {isa = PBXBuildFile; fileRef = D1508DA41AC18387003D3387 /* libopencv_superres.2.4.dylib */; settings = {ATTRIBUTES = (CodeSignOnCopy, ); }; };
		D1508DB51AC18387003D3387 /* libopencv_video.2.4.dylib in CopyFiles */ = {isa = PBXBuildFile; fileRef = D1508DA51AC18387003D3387 /* libopencv_video.2.4.dylib */; settings = {ATTRIBUTES = (CodeSignOnCopy, ); }; };
		D1508DB61AC18387003D3387 /* libopencv_videostab.2.4.dylib in CopyFiles */ = {isa = PBXBuildFile; fileRef = D1508DA61AC18387003D3387 /* libopencv_videostab.2.4.dylib */; settings = {ATTRIBUTES = (CodeSignOnCopy, ); }; };
		D1508DB71AC1838D003D3387 /* libopencv_calib3d.2.4.dylib in Frameworks */ = {isa = PBXBuildFile; fileRef = D1508D971AC18387003D3387 /* libopencv_calib3d.2.4.dylib */; };
		D1508DB81AC1838D003D3387 /* libopencv_contrib.2.4.dylib in Frameworks */ = {isa = PBXBuildFile; fileRef = D1508D981AC18387003D3387 /* libopencv_contrib.2.4.dylib */; };
		D1508DB91AC1838D003D3387 /* libopencv_core.2.4.dylib in Frameworks */ = {isa = PBXBuildFile; fileRef = D1508D991AC18387003D3387 /* libopencv_core.2.4.dylib */; };
		D1508DBA1AC1838D003D3387 /* libopencv_features2d.2.4.dylib in Frameworks */ = {isa = PBXBuildFile; fileRef = D1508D9A1AC18387003D3387 /* libopencv_features2d.2.4.dylib */; };
		D1508DBB1AC1838D003D3387 /* libopencv_flann.2.4.dylib in Frameworks */ = {isa = PBXBuildFile; fileRef = D1508D9B1AC18387003D3387 /* libopencv_flann.2.4.dylib */; };
		D1508DBC1AC1838D003D3387 /* libopencv_gpu.2.4.dylib in Frameworks */ = {isa = PBXBuildFile; fileRef = D1508D9C1AC18387003D3387 /* libopencv_gpu.2.4.dylib */; };
		D1508DBD1AC1838D003D3387 /* libopencv_legacy.2.4.dylib in Frameworks */ = {isa = PBXBuildFile; fileRef = D1508D9D1AC18387003D3387 /* libopencv_legacy.2.4.dylib */; };
		D1508DBE1AC1838D003D3387 /* libopencv_ml.2.4.dylib in Frameworks */ = {isa = PBXBuildFile; fileRef = D1508D9E1AC18387003D3387 /* libopencv_ml.2.4.dylib */; };
		D1508DBF1AC1838D003D3387 /* libopencv_nonfree.2.4.dylib in Frameworks */ = {isa = PBXBuildFile; fileRef = D1508D9F1AC18387003D3387 /* libopencv_nonfree.2.4.dylib */; };
		D1508DC01AC1838D003D3387 /* libopencv_objdetect.2.4.dylib in Frameworks */ = {isa = PBXBuildFile; fileRef = D1508DA01AC18387003D3387 /* libopencv_objdetect.2.4.dylib */; };
		D1508DC11AC1838D003D3387 /* libopencv_ocl.2.4.dylib in Frameworks */ = {isa = PBXBuildFile; fileRef = D1508DA11AC18387003D3387 /* libopencv_ocl.2.4.dylib */; };
		D1508DC21AC1838D003D3387 /* libopencv_photo.2.4.dylib in Frameworks */ = {isa = PBXBuildFile; fileRef = D1508DA21AC18387003D3387 /* libopencv_photo.2.4.dylib */; };
		D1508DC31AC1838D003D3387 /* libopencv_stitching.2.4.dylib in Frameworks */ = {isa = PBXBuildFile; fileRef = D1508DA31AC18387003D3387 /* libopencv_stitching.2.4.dylib */; };
		D1508DC41AC1838D003D3387 /* libopencv_superres.2.4.dylib in Frameworks */ = {isa = PBXBuildFile; fileRef = D1508DA41AC18387003D3387 /* libopencv_superres.2.4.dylib */; };
		D1508DC51AC1838D003D3387 /* libopencv_video.2.4.dylib in Frameworks */ = {isa = PBXBuildFile; fileRef = D1508DA51AC18387003D3387 /* libopencv_video.2.4.dylib */; };
		D1508DC61AC1838D003D3387 /* libopencv_videostab.2.4.dylib in Frameworks */ = {isa = PBXBuildFile; fileRef = D1508DA61AC18387003D3387 /* libopencv_videostab.2.4.dylib */; };
		D1508DC91AC183B0003D3387 /* libopencv_highgui.2.4.dylib in CopyFiles */ = {isa = PBXBuildFile; fileRef = D1508DC71AC183B0003D3387 /* libopencv_highgui.2.4.dylib */; settings = {ATTRIBUTES = (CodeSignOnCopy, ); }; };
		D1508DCA1AC183B0003D3387 /* libopencv_imgproc.2.4.dylib in CopyFiles */ = {isa = PBXBuildFile; fileRef = D1508DC81AC183B0003D3387 /* libopencv_imgproc.2.4.dylib */; settings = {ATTRIBUTES = (CodeSignOnCopy, ); }; };
		D1508DCB1AC183B4003D3387 /* libopencv_highgui.2.4.dylib in Frameworks */ = {isa = PBXBuildFile; fileRef = D1508DC71AC183B0003D3387 /* libopencv_highgui.2.4.dylib */; };
		D1508DCC1AC183B4003D3387 /* libopencv_imgproc.2.4.dylib in Frameworks */ = {isa = PBXBuildFile; fileRef = D1508DC81AC183B0003D3387 /* libopencv_imgproc.2.4.dylib */; };
		D1508DDD1AC32FC7003D3387 /* libopencv_calib3d.3.0.dylib in Frameworks */ = {isa = PBXBuildFile; fileRef = D1508DCD1AC32FC7003D3387 /* libopencv_calib3d.3.0.dylib */; };
		D1508DDE1AC32FC7003D3387 /* libopencv_core.3.0.dylib in Frameworks */ = {isa = PBXBuildFile; fileRef = D1508DCE1AC32FC7003D3387 /* libopencv_core.3.0.dylib */; };
		D1508DDF1AC32FC7003D3387 /* libopencv_features2d.3.0.dylib in Frameworks */ = {isa = PBXBuildFile; fileRef = D1508DCF1AC32FC7003D3387 /* libopencv_features2d.3.0.dylib */; };
		D1508DE01AC32FC7003D3387 /* libopencv_flann.3.0.dylib in Frameworks */ = {isa = PBXBuildFile; fileRef = D1508DD01AC32FC7003D3387 /* libopencv_flann.3.0.dylib */; };
		D1508DE11AC32FC7003D3387 /* libopencv_highgui.3.0.dylib in Frameworks */ = {isa = PBXBuildFile; fileRef = D1508DD11AC32FC7003D3387 /* libopencv_highgui.3.0.dylib */; };
		D1508DE21AC32FC7003D3387 /* libopencv_imgcodecs.3.0.dylib in Frameworks */ = {isa = PBXBuildFile; fileRef = D1508DD21AC32FC7003D3387 /* libopencv_imgcodecs.3.0.dylib */; };
		D1508DE31AC32FC7003D3387 /* libopencv_imgproc.3.0.dylib in Frameworks */ = {isa = PBXBuildFile; fileRef = D1508DD31AC32FC7003D3387 /* libopencv_imgproc.3.0.dylib */; };
		D1508DE41AC32FC7003D3387 /* libopencv_ml.3.0.dylib in Frameworks */ = {isa = PBXBuildFile; fileRef = D1508DD41AC32FC7003D3387 /* libopencv_ml.3.0.dylib */; };
		D1508DE51AC32FC7003D3387 /* libopencv_objdetect.3.0.dylib in Frameworks */ = {isa = PBXBuildFile; fileRef = D1508DD51AC32FC7003D3387 /* libopencv_objdetect.3.0.dylib */; };
		D1508DE61AC32FC7003D3387 /* libopencv_photo.3.0.dylib in Frameworks */ = {isa = PBXBuildFile; fileRef = D1508DD61AC32FC7003D3387 /* libopencv_photo.3.0.dylib */; };
		D1508DE71AC32FC7003D3387 /* libopencv_shape.3.0.dylib in Frameworks */ = {isa = PBXBuildFile; fileRef = D1508DD71AC32FC7003D3387 /* libopencv_shape.3.0.dylib */; };
		D1508DE81AC32FC7003D3387 /* libopencv_stitching.3.0.dylib in Frameworks */ = {isa = PBXBuildFile; fileRef = D1508DD81AC32FC7003D3387 /* libopencv_stitching.3.0.dylib */; };
		D1508DE91AC32FC7003D3387 /* libopencv_superres.3.0.dylib in Frameworks */ = {isa = PBXBuildFile; fileRef = D1508DD91AC32FC7003D3387 /* libopencv_superres.3.0.dylib */; };
		D1508DEA1AC32FC7003D3387 /* libopencv_video.3.0.dylib in Frameworks */ = {isa = PBXBuildFile; fileRef = D1508DDA1AC32FC7003D3387 /* libopencv_video.3.0.dylib */; };
		D1508DEB1AC32FC7003D3387 /* libopencv_videoio.3.0.dylib in Frameworks */ = {isa = PBXBuildFile; fileRef = D1508DDB1AC32FC7003D3387 /* libopencv_videoio.3.0.dylib */; };
		D1508DEC1AC32FC7003D3387 /* libopencv_videostab.3.0.dylib in Frameworks */ = {isa = PBXBuildFile; fileRef = D1508DDC1AC32FC7003D3387 /* libopencv_videostab.3.0.dylib */; };
		D1508DED1AC3325D003D3387 /* libopencv_calib3d.3.0.dylib in CopyFiles */ = {isa = PBXBuildFile; fileRef = D1508DCD1AC32FC7003D3387 /* libopencv_calib3d.3.0.dylib */; settings = {ATTRIBUTES = (CodeSignOnCopy, ); }; };
		D1508DEE1AC33263003D3387 /* libopencv_core.3.0.dylib in CopyFiles */ = {isa = PBXBuildFile; fileRef = D1508DCE1AC32FC7003D3387 /* libopencv_core.3.0.dylib */; settings = {ATTRIBUTES = (CodeSignOnCopy, ); }; };
		D1508DEF1AC3326B003D3387 /* libopencv_features2d.3.0.dylib in CopyFiles */ = {isa = PBXBuildFile; fileRef = D1508DCF1AC32FC7003D3387 /* libopencv_features2d.3.0.dylib */; settings = {ATTRIBUTES = (CodeSignOnCopy, ); }; };
		D1508DF01AC3326E003D3387 /* libopencv_flann.3.0.dylib in CopyFiles */ = {isa = PBXBuildFile; fileRef = D1508DD01AC32FC7003D3387 /* libopencv_flann.3.0.dylib */; settings = {ATTRIBUTES = (CodeSignOnCopy, ); }; };
		D1508DF11AC33270003D3387 /* libopencv_highgui.3.0.dylib in CopyFiles */ = {isa = PBXBuildFile; fileRef = D1508DD11AC32FC7003D3387 /* libopencv_highgui.3.0.dylib */; settings = {ATTRIBUTES = (CodeSignOnCopy, ); }; };
		D1508DF21AC33272003D3387 /* libopencv_imgcodecs.3.0.dylib in CopyFiles */ = {isa = PBXBuildFile; fileRef = D1508DD21AC32FC7003D3387 /* libopencv_imgcodecs.3.0.dylib */; settings = {ATTRIBUTES = (CodeSignOnCopy, ); }; };
		D1508DF31AC33274003D3387 /* libopencv_imgproc.3.0.dylib in CopyFiles */ = {isa = PBXBuildFile; fileRef = D1508DD31AC32FC7003D3387 /* libopencv_imgproc.3.0.dylib */; settings = {ATTRIBUTES = (CodeSignOnCopy, ); }; };
		D1508DF41AC33276003D3387 /* libopencv_ml.3.0.dylib in CopyFiles */ = {isa = PBXBuildFile; fileRef = D1508DD41AC32FC7003D3387 /* libopencv_ml.3.0.dylib */; settings = {ATTRIBUTES = (CodeSignOnCopy, ); }; };
		D1508DF51AC33278003D3387 /* libopencv_objdetect.3.0.dylib in CopyFiles */ = {isa = PBXBuildFile; fileRef = D1508DD51AC32FC7003D3387 /* libopencv_objdetect.3.0.dylib */; settings = {ATTRIBUTES = (CodeSignOnCopy, ); }; };
		D1508DF61AC3327A003D3387 /* libopencv_photo.3.0.dylib in CopyFiles */ = {isa = PBXBuildFile; fileRef = D1508DD61AC32FC7003D3387 /* libopencv_photo.3.0.dylib */; settings = {ATTRIBUTES = (CodeSignOnCopy, ); }; };
		D1508DF71AC3327C003D3387 /* libopencv_shape.3.0.dylib in CopyFiles */ = {isa = PBXBuildFile; fileRef = D1508DD71AC32FC7003D3387 /* libopencv_shape.3.0.dylib */; settings = {ATTRIBUTES = (CodeSignOnCopy, ); }; };
		D1508DF81AC3327E003D3387 /* libopencv_stitching.3.0.dylib in CopyFiles */ = {isa = PBXBuildFile; fileRef = D1508DD81AC32FC7003D3387 /* libopencv_stitching.3.0.dylib */; settings = {ATTRIBUTES = (CodeSignOnCopy, ); }; };
		D1508DF91AC3327F003D3387 /* libopencv_superres.3.0.dylib in CopyFiles */ = {isa = PBXBuildFile; fileRef = D1508DD91AC32FC7003D3387 /* libopencv_superres.3.0.dylib */; settings = {ATTRIBUTES = (CodeSignOnCopy, ); }; };
		D1508DFA1AC33281003D3387 /* libopencv_video.3.0.dylib in CopyFiles */ = {isa = PBXBuildFile; fileRef = D1508DDA1AC32FC7003D3387 /* libopencv_video.3.0.dylib */; settings = {ATTRIBUTES = (CodeSignOnCopy, ); }; };
		D1508DFB1AC33283003D3387 /* libopencv_videoio.3.0.dylib in CopyFiles */ = {isa = PBXBuildFile; fileRef = D1508DDB1AC32FC7003D3387 /* libopencv_videoio.3.0.dylib */; settings = {ATTRIBUTES = (CodeSignOnCopy, ); }; };
		D1508DFC1AC33285003D3387 /* libopencv_videostab.3.0.dylib in CopyFiles */ = {isa = PBXBuildFile; fileRef = D1508DDC1AC32FC7003D3387 /* libopencv_videostab.3.0.dylib */; settings = {ATTRIBUTES = (CodeSignOnCopy, ); }; };
		D1508E001AC5AF3B003D3387 /* MIEClient.cpp in Sources */ = {isa = PBXBuildFile; fileRef = D1508DFD1AC5A5FF003D3387 /* MIEClient.cpp */; };
		D15891331BBD763000231D72 /* CashCrypt.cpp in Sources */ = {isa = PBXBuildFile; fileRef = D15891311BBD762F00231D72 /* CashCrypt.cpp */; settings = {ASSET_TAGS = (); }; };
		D19DE8481AC16FB100235D38 /* EnglishAnalyzer.cpp in Sources */ = {isa = PBXBuildFile; fileRef = D19DE83F1AC16FB100235D38 /* EnglishAnalyzer.cpp */; };
		D19DE8491AC16FB100235D38 /* Main.cpp in Sources */ = {isa = PBXBuildFile; fileRef = D19DE8411AC16FB100235D38 /* Main.cpp */; };
		D19DE84B1AC16FB100235D38 /* SBE.cpp in Sources */ = {isa = PBXBuildFile; fileRef = D19DE8431AC16FB100235D38 /* SBE.cpp */; };
		D19DE84C1AC16FB100235D38 /* TextCrypt.cpp in Sources */ = {isa = PBXBuildFile; fileRef = D19DE8451AC16FB100235D38 /* TextCrypt.cpp */; };
		D19DE85C1AC1724000235D38 /* libcrypto.a in Frameworks */ = {isa = PBXBuildFile; fileRef = D19DE85A1AC1724000235D38 /* libcrypto.a */; };
		D19DE85D1AC1724000235D38 /* libssl.a in Frameworks */ = {isa = PBXBuildFile; fileRef = D19DE85B1AC1724000235D38 /* libssl.a */; };
		D1D788051AEFBF3800EB7B27 /* SSEClient.cpp in Sources */ = {isa = PBXBuildFile; fileRef = D1D788031AEFBF3700EB7B27 /* SSEClient.cpp */; };
		D1D788081AF2228D00EB7B27 /* SSECrypt.cpp in Sources */ = {isa = PBXBuildFile; fileRef = D1D788061AF2228C00EB7B27 /* SSECrypt.cpp */; };
		D1D7880E1AF2928000EB7B27 /* Main.cpp in Sources */ = {isa = PBXBuildFile; fileRef = D1D7880D1AF2928000EB7B27 /* Main.cpp */; };
		D1D788101AF4E09A00EB7B27 /* MIEServer.cpp in Sources */ = {isa = PBXBuildFile; fileRef = D19DE84E1AC16FF500235D38 /* MIEServer.cpp */; };
		D1D788111AF4E09A00EB7B27 /* SSEServer.cpp in Sources */ = {isa = PBXBuildFile; fileRef = D1D788091AF2706100EB7B27 /* SSEServer.cpp */; };
		D1D788161AF7756C00EB7B27 /* Util.cpp in Sources */ = {isa = PBXBuildFile; fileRef = D19DE8471AC16FB100235D38 /* Util.cpp */; };
		D1F63BFC1B00E4C900B2FCF1 /* ServerUtil.cpp in Sources */ = {isa = PBXBuildFile; fileRef = D19DE84F1AC16FF500235D38 /* ServerUtil.cpp */; };
/* End PBXBuildFile section */

/* Begin PBXCopyFilesBuildPhase section */
		D1508D561AC18326003D3387 /* CopyFiles */ = {
			isa = PBXCopyFilesBuildPhase;
			buildActionMask = 2147483647;
			dstPath = lib;
			dstSubfolderSpec = 11;
			files = (
				D1508DA71AC18387003D3387 /* libopencv_calib3d.2.4.dylib in CopyFiles */,
				D1508DC91AC183B0003D3387 /* libopencv_highgui.2.4.dylib in CopyFiles */,
				D1508DCA1AC183B0003D3387 /* libopencv_imgproc.2.4.dylib in CopyFiles */,
				D1508DA81AC18387003D3387 /* libopencv_contrib.2.4.dylib in CopyFiles */,
				D1508DA91AC18387003D3387 /* libopencv_core.2.4.dylib in CopyFiles */,
				D1508DAA1AC18387003D3387 /* libopencv_features2d.2.4.dylib in CopyFiles */,
				D1508DAB1AC18387003D3387 /* libopencv_flann.2.4.dylib in CopyFiles */,
				D1508DAC1AC18387003D3387 /* libopencv_gpu.2.4.dylib in CopyFiles */,
				D1508DAD1AC18387003D3387 /* libopencv_legacy.2.4.dylib in CopyFiles */,
				D1508DAE1AC18387003D3387 /* libopencv_ml.2.4.dylib in CopyFiles */,
				D1508DAF1AC18387003D3387 /* libopencv_nonfree.2.4.dylib in CopyFiles */,
				D1508DB01AC18387003D3387 /* libopencv_objdetect.2.4.dylib in CopyFiles */,
				D1508DB11AC18387003D3387 /* libopencv_ocl.2.4.dylib in CopyFiles */,
				D1508DB21AC18387003D3387 /* libopencv_photo.2.4.dylib in CopyFiles */,
				D1508DB31AC18387003D3387 /* libopencv_stitching.2.4.dylib in CopyFiles */,
				D1508DB41AC18387003D3387 /* libopencv_superres.2.4.dylib in CopyFiles */,
				D1508DB51AC18387003D3387 /* libopencv_video.2.4.dylib in CopyFiles */,
				D1508DB61AC18387003D3387 /* libopencv_videostab.2.4.dylib in CopyFiles */,
			);
			runOnlyForDeploymentPostprocessing = 0;
		};
		D19DE88D1AC17FBD00235D38 /* CopyFiles */ = {
			isa = PBXCopyFilesBuildPhase;
			buildActionMask = 2147483647;
			dstPath = lib;
			dstSubfolderSpec = 11;
			files = (
				D1508DED1AC3325D003D3387 /* libopencv_calib3d.3.0.dylib in CopyFiles */,
				D1508DFC1AC33285003D3387 /* libopencv_videostab.3.0.dylib in CopyFiles */,
				D1508DF41AC33276003D3387 /* libopencv_ml.3.0.dylib in CopyFiles */,
				D1508DFA1AC33281003D3387 /* libopencv_video.3.0.dylib in CopyFiles */,
				D1508DFB1AC33283003D3387 /* libopencv_videoio.3.0.dylib in CopyFiles */,
				D1508DF91AC3327F003D3387 /* libopencv_superres.3.0.dylib in CopyFiles */,
				D1508DF81AC3327E003D3387 /* libopencv_stitching.3.0.dylib in CopyFiles */,
				D1508DF71AC3327C003D3387 /* libopencv_shape.3.0.dylib in CopyFiles */,
				D1508DF61AC3327A003D3387 /* libopencv_photo.3.0.dylib in CopyFiles */,
				D1508DF51AC33278003D3387 /* libopencv_objdetect.3.0.dylib in CopyFiles */,
				D1508DF31AC33274003D3387 /* libopencv_imgproc.3.0.dylib in CopyFiles */,
				D1508DEE1AC33263003D3387 /* libopencv_core.3.0.dylib in CopyFiles */,
				D1508DF21AC33272003D3387 /* libopencv_imgcodecs.3.0.dylib in CopyFiles */,
				D1508DF11AC33270003D3387 /* libopencv_highgui.3.0.dylib in CopyFiles */,
				D1508DF01AC3326E003D3387 /* libopencv_flann.3.0.dylib in CopyFiles */,
				D1508DEF1AC3326B003D3387 /* libopencv_features2d.3.0.dylib in CopyFiles */,
			);
			runOnlyForDeploymentPostprocessing = 0;
		};
/* End PBXCopyFilesBuildPhase section */

/* Begin PBXFileReference section */
		D102B3AA1BB5AE4100140E2E /* CashClient.cpp */ = {isa = PBXFileReference; fileEncoding = 4; lastKnownFileType = sourcecode.cpp.cpp; path = CashClient.cpp; sourceTree = "<group>"; };
		D102B3AB1BB5AE4200140E2E /* CashClient.hpp */ = {isa = PBXFileReference; fileEncoding = 4; lastKnownFileType = sourcecode.cpp.h; path = CashClient.hpp; sourceTree = "<group>"; };
		D104E6E21B04F245007E89B9 /* portable_endian.h */ = {isa = PBXFileReference; fileEncoding = 4; lastKnownFileType = sourcecode.c.h; path = portable_endian.h; sourceTree = "<group>"; };
		D104E6E31B05046B007E89B9 /* portable_endian.h */ = {isa = PBXFileReference; fileEncoding = 4; lastKnownFileType = sourcecode.c.h; path = portable_endian.h; sourceTree = "<group>"; };
		D104E6E41B0513AF007E89B9 /* libz.dylib */ = {isa = PBXFileReference; lastKnownFileType = "compiled.mach-o.dylib"; name = libz.dylib; path = usr/lib/libz.dylib; sourceTree = SDKROOT; };
		D10C77551BC421F500BAAB0F /* CashServer.cpp */ = {isa = PBXFileReference; fileEncoding = 4; lastKnownFileType = sourcecode.cpp.cpp; path = CashServer.cpp; sourceTree = "<group>"; };
		D10C77561BC421F600BAAB0F /* CashServer.hpp */ = {isa = PBXFileReference; fileEncoding = 4; lastKnownFileType = sourcecode.cpp.h; path = CashServer.hpp; sourceTree = "<group>"; };
		D144F5C91BD12E0700811024 /* ThreadPool.h */ = {isa = PBXFileReference; fileEncoding = 4; lastKnownFileType = sourcecode.c.h; path = ThreadPool.h; sourceTree = "<group>"; };
		D144F5CB1BD1350400811024 /* MIEServerMT.cpp */ = {isa = PBXFileReference; fileEncoding = 4; lastKnownFileType = sourcecode.cpp.cpp; path = MIEServerMT.cpp; sourceTree = "<group>"; };
		D144F5CC1BD1350400811024 /* MIEServerMT.h */ = {isa = PBXFileReference; fileEncoding = 4; lastKnownFileType = sourcecode.c.h; path = MIEServerMT.h; sourceTree = "<group>"; };
		D1508D971AC18387003D3387 /* libopencv_calib3d.2.4.dylib */ = {isa = PBXFileReference; lastKnownFileType = "compiled.mach-o.dylib"; name = libopencv_calib3d.2.4.dylib; path = /usr/local/opencv/opencv2.4/lib/libopencv_calib3d.2.4.dylib; sourceTree = "<absolute>"; };
		D1508D981AC18387003D3387 /* libopencv_contrib.2.4.dylib */ = {isa = PBXFileReference; lastKnownFileType = "compiled.mach-o.dylib"; name = libopencv_contrib.2.4.dylib; path = /usr/local/opencv/opencv2.4/lib/libopencv_contrib.2.4.dylib; sourceTree = "<absolute>"; };
		D1508D991AC18387003D3387 /* libopencv_core.2.4.dylib */ = {isa = PBXFileReference; lastKnownFileType = "compiled.mach-o.dylib"; name = libopencv_core.2.4.dylib; path = /usr/local/opencv/opencv2.4/lib/libopencv_core.2.4.dylib; sourceTree = "<absolute>"; };
		D1508D9A1AC18387003D3387 /* libopencv_features2d.2.4.dylib */ = {isa = PBXFileReference; lastKnownFileType = "compiled.mach-o.dylib"; name = libopencv_features2d.2.4.dylib; path = /usr/local/opencv/opencv2.4/lib/libopencv_features2d.2.4.dylib; sourceTree = "<absolute>"; };
		D1508D9B1AC18387003D3387 /* libopencv_flann.2.4.dylib */ = {isa = PBXFileReference; lastKnownFileType = "compiled.mach-o.dylib"; name = libopencv_flann.2.4.dylib; path = /usr/local/opencv/opencv2.4/lib/libopencv_flann.2.4.dylib; sourceTree = "<absolute>"; };
		D1508D9C1AC18387003D3387 /* libopencv_gpu.2.4.dylib */ = {isa = PBXFileReference; lastKnownFileType = "compiled.mach-o.dylib"; name = libopencv_gpu.2.4.dylib; path = /usr/local/opencv/opencv2.4/lib/libopencv_gpu.2.4.dylib; sourceTree = "<absolute>"; };
		D1508D9D1AC18387003D3387 /* libopencv_legacy.2.4.dylib */ = {isa = PBXFileReference; lastKnownFileType = "compiled.mach-o.dylib"; name = libopencv_legacy.2.4.dylib; path = /usr/local/opencv/opencv2.4/lib/libopencv_legacy.2.4.dylib; sourceTree = "<absolute>"; };
		D1508D9E1AC18387003D3387 /* libopencv_ml.2.4.dylib */ = {isa = PBXFileReference; lastKnownFileType = "compiled.mach-o.dylib"; name = libopencv_ml.2.4.dylib; path = /usr/local/opencv/opencv2.4/lib/libopencv_ml.2.4.dylib; sourceTree = "<absolute>"; };
		D1508D9F1AC18387003D3387 /* libopencv_nonfree.2.4.dylib */ = {isa = PBXFileReference; lastKnownFileType = "compiled.mach-o.dylib"; name = libopencv_nonfree.2.4.dylib; path = /usr/local/opencv/opencv2.4/lib/libopencv_nonfree.2.4.dylib; sourceTree = "<absolute>"; };
		D1508DA01AC18387003D3387 /* libopencv_objdetect.2.4.dylib */ = {isa = PBXFileReference; lastKnownFileType = "compiled.mach-o.dylib"; name = libopencv_objdetect.2.4.dylib; path = /usr/local/opencv/opencv2.4/lib/libopencv_objdetect.2.4.dylib; sourceTree = "<absolute>"; };
		D1508DA11AC18387003D3387 /* libopencv_ocl.2.4.dylib */ = {isa = PBXFileReference; lastKnownFileType = "compiled.mach-o.dylib"; name = libopencv_ocl.2.4.dylib; path = /usr/local/opencv/opencv2.4/lib/libopencv_ocl.2.4.dylib; sourceTree = "<absolute>"; };
		D1508DA21AC18387003D3387 /* libopencv_photo.2.4.dylib */ = {isa = PBXFileReference; lastKnownFileType = "compiled.mach-o.dylib"; name = libopencv_photo.2.4.dylib; path = /usr/local/opencv/opencv2.4/lib/libopencv_photo.2.4.dylib; sourceTree = "<absolute>"; };
		D1508DA31AC18387003D3387 /* libopencv_stitching.2.4.dylib */ = {isa = PBXFileReference; lastKnownFileType = "compiled.mach-o.dylib"; name = libopencv_stitching.2.4.dylib; path = /usr/local/opencv/opencv2.4/lib/libopencv_stitching.2.4.dylib; sourceTree = "<absolute>"; };
		D1508DA41AC18387003D3387 /* libopencv_superres.2.4.dylib */ = {isa = PBXFileReference; lastKnownFileType = "compiled.mach-o.dylib"; name = libopencv_superres.2.4.dylib; path = /usr/local/opencv/opencv2.4/lib/libopencv_superres.2.4.dylib; sourceTree = "<absolute>"; };
		D1508DA51AC18387003D3387 /* libopencv_video.2.4.dylib */ = {isa = PBXFileReference; lastKnownFileType = "compiled.mach-o.dylib"; name = libopencv_video.2.4.dylib; path = /usr/local/opencv/opencv2.4/lib/libopencv_video.2.4.dylib; sourceTree = "<absolute>"; };
		D1508DA61AC18387003D3387 /* libopencv_videostab.2.4.dylib */ = {isa = PBXFileReference; lastKnownFileType = "compiled.mach-o.dylib"; name = libopencv_videostab.2.4.dylib; path = /usr/local/opencv/opencv2.4/lib/libopencv_videostab.2.4.dylib; sourceTree = "<absolute>"; };
		D1508DC71AC183B0003D3387 /* libopencv_highgui.2.4.dylib */ = {isa = PBXFileReference; lastKnownFileType = "compiled.mach-o.dylib"; name = libopencv_highgui.2.4.dylib; path = /usr/local/opencv/opencv2.4/lib/libopencv_highgui.2.4.dylib; sourceTree = "<absolute>"; };
		D1508DC81AC183B0003D3387 /* libopencv_imgproc.2.4.dylib */ = {isa = PBXFileReference; lastKnownFileType = "compiled.mach-o.dylib"; name = libopencv_imgproc.2.4.dylib; path = /usr/local/opencv/opencv2.4/lib/libopencv_imgproc.2.4.dylib; sourceTree = "<absolute>"; };
		D1508DCD1AC32FC7003D3387 /* libopencv_calib3d.3.0.dylib */ = {isa = PBXFileReference; lastKnownFileType = "compiled.mach-o.dylib"; name = libopencv_calib3d.3.0.dylib; path = /usr/local/opencv/opencvMaster/lib/libopencv_calib3d.3.0.dylib; sourceTree = "<absolute>"; };
		D1508DCE1AC32FC7003D3387 /* libopencv_core.3.0.dylib */ = {isa = PBXFileReference; lastKnownFileType = "compiled.mach-o.dylib"; name = libopencv_core.3.0.dylib; path = /usr/local/opencv/opencvMaster/lib/libopencv_core.3.0.dylib; sourceTree = "<absolute>"; };
		D1508DCF1AC32FC7003D3387 /* libopencv_features2d.3.0.dylib */ = {isa = PBXFileReference; lastKnownFileType = "compiled.mach-o.dylib"; name = libopencv_features2d.3.0.dylib; path = /usr/local/opencv/opencvMaster/lib/libopencv_features2d.3.0.dylib; sourceTree = "<absolute>"; };
		D1508DD01AC32FC7003D3387 /* libopencv_flann.3.0.dylib */ = {isa = PBXFileReference; lastKnownFileType = "compiled.mach-o.dylib"; name = libopencv_flann.3.0.dylib; path = /usr/local/opencv/opencvMaster/lib/libopencv_flann.3.0.dylib; sourceTree = "<absolute>"; };
		D1508DD11AC32FC7003D3387 /* libopencv_highgui.3.0.dylib */ = {isa = PBXFileReference; lastKnownFileType = "compiled.mach-o.dylib"; name = libopencv_highgui.3.0.dylib; path = /usr/local/opencv/opencvMaster/lib/libopencv_highgui.3.0.dylib; sourceTree = "<absolute>"; };
		D1508DD21AC32FC7003D3387 /* libopencv_imgcodecs.3.0.dylib */ = {isa = PBXFileReference; lastKnownFileType = "compiled.mach-o.dylib"; name = libopencv_imgcodecs.3.0.dylib; path = /usr/local/opencv/opencvMaster/lib/libopencv_imgcodecs.3.0.dylib; sourceTree = "<absolute>"; };
		D1508DD31AC32FC7003D3387 /* libopencv_imgproc.3.0.dylib */ = {isa = PBXFileReference; lastKnownFileType = "compiled.mach-o.dylib"; name = libopencv_imgproc.3.0.dylib; path = /usr/local/opencv/opencvMaster/lib/libopencv_imgproc.3.0.dylib; sourceTree = "<absolute>"; };
		D1508DD41AC32FC7003D3387 /* libopencv_ml.3.0.dylib */ = {isa = PBXFileReference; lastKnownFileType = "compiled.mach-o.dylib"; name = libopencv_ml.3.0.dylib; path = /usr/local/opencv/opencvMaster/lib/libopencv_ml.3.0.dylib; sourceTree = "<absolute>"; };
		D1508DD51AC32FC7003D3387 /* libopencv_objdetect.3.0.dylib */ = {isa = PBXFileReference; lastKnownFileType = "compiled.mach-o.dylib"; name = libopencv_objdetect.3.0.dylib; path = /usr/local/opencv/opencvMaster/lib/libopencv_objdetect.3.0.dylib; sourceTree = "<absolute>"; };
		D1508DD61AC32FC7003D3387 /* libopencv_photo.3.0.dylib */ = {isa = PBXFileReference; lastKnownFileType = "compiled.mach-o.dylib"; name = libopencv_photo.3.0.dylib; path = /usr/local/opencv/opencvMaster/lib/libopencv_photo.3.0.dylib; sourceTree = "<absolute>"; };
		D1508DD71AC32FC7003D3387 /* libopencv_shape.3.0.dylib */ = {isa = PBXFileReference; lastKnownFileType = "compiled.mach-o.dylib"; name = libopencv_shape.3.0.dylib; path = /usr/local/opencv/opencvMaster/lib/libopencv_shape.3.0.dylib; sourceTree = "<absolute>"; };
		D1508DD81AC32FC7003D3387 /* libopencv_stitching.3.0.dylib */ = {isa = PBXFileReference; lastKnownFileType = "compiled.mach-o.dylib"; name = libopencv_stitching.3.0.dylib; path = /usr/local/opencv/opencvMaster/lib/libopencv_stitching.3.0.dylib; sourceTree = "<absolute>"; };
		D1508DD91AC32FC7003D3387 /* libopencv_superres.3.0.dylib */ = {isa = PBXFileReference; lastKnownFileType = "compiled.mach-o.dylib"; name = libopencv_superres.3.0.dylib; path = /usr/local/opencv/opencvMaster/lib/libopencv_superres.3.0.dylib; sourceTree = "<absolute>"; };
		D1508DDA1AC32FC7003D3387 /* libopencv_video.3.0.dylib */ = {isa = PBXFileReference; lastKnownFileType = "compiled.mach-o.dylib"; name = libopencv_video.3.0.dylib; path = /usr/local/opencv/opencvMaster/lib/libopencv_video.3.0.dylib; sourceTree = "<absolute>"; };
		D1508DDB1AC32FC7003D3387 /* libopencv_videoio.3.0.dylib */ = {isa = PBXFileReference; lastKnownFileType = "compiled.mach-o.dylib"; name = libopencv_videoio.3.0.dylib; path = /usr/local/opencv/opencvMaster/lib/libopencv_videoio.3.0.dylib; sourceTree = "<absolute>"; };
		D1508DDC1AC32FC7003D3387 /* libopencv_videostab.3.0.dylib */ = {isa = PBXFileReference; lastKnownFileType = "compiled.mach-o.dylib"; name = libopencv_videostab.3.0.dylib; path = /usr/local/opencv/opencvMaster/lib/libopencv_videostab.3.0.dylib; sourceTree = "<absolute>"; };
		D1508DFD1AC5A5FF003D3387 /* MIEClient.cpp */ = {isa = PBXFileReference; fileEncoding = 4; lastKnownFileType = sourcecode.cpp.cpp; path = MIEClient.cpp; sourceTree = "<group>"; };
		D1508DFE1AC5A5FF003D3387 /* MIEClient.h */ = {isa = PBXFileReference; fileEncoding = 4; lastKnownFileType = sourcecode.c.h; path = MIEClient.h; sourceTree = "<group>"; };
		D15891311BBD762F00231D72 /* CashCrypt.cpp */ = {isa = PBXFileReference; fileEncoding = 4; lastKnownFileType = sourcecode.cpp.cpp; path = CashCrypt.cpp; sourceTree = "<group>"; };
		D15891321BBD763000231D72 /* CashCrypt.hpp */ = {isa = PBXFileReference; fileEncoding = 4; lastKnownFileType = sourcecode.cpp.h; path = CashCrypt.hpp; sourceTree = "<group>"; };
		D19DE82A1AC16F3400235D38 /* Client */ = {isa = PBXFileReference; explicitFileType = "compiled.mach-o.executable"; includeInIndex = 0; path = Client; sourceTree = BUILT_PRODUCTS_DIR; };
		D19DE8381AC16F8F00235D38 /* Server */ = {isa = PBXFileReference; explicitFileType = "compiled.mach-o.executable"; includeInIndex = 0; path = Server; sourceTree = BUILT_PRODUCTS_DIR; };
		D19DE83F1AC16FB100235D38 /* EnglishAnalyzer.cpp */ = {isa = PBXFileReference; fileEncoding = 4; lastKnownFileType = sourcecode.cpp.cpp; path = EnglishAnalyzer.cpp; sourceTree = "<group>"; };
		D19DE8401AC16FB100235D38 /* EnglishAnalyzer.h */ = {isa = PBXFileReference; fileEncoding = 4; lastKnownFileType = sourcecode.c.h; path = EnglishAnalyzer.h; sourceTree = "<group>"; };
		D19DE8411AC16FB100235D38 /* Main.cpp */ = {isa = PBXFileReference; fileEncoding = 4; lastKnownFileType = sourcecode.cpp.cpp; path = Main.cpp; sourceTree = "<group>"; };
		D19DE8421AC16FB100235D38 /* PorterStemmer.c */ = {isa = PBXFileReference; fileEncoding = 4; lastKnownFileType = sourcecode.c.c; path = PorterStemmer.c; sourceTree = "<group>"; };
		D19DE8431AC16FB100235D38 /* SBE.cpp */ = {isa = PBXFileReference; fileEncoding = 4; lastKnownFileType = sourcecode.cpp.cpp; path = SBE.cpp; sourceTree = "<group>"; };
		D19DE8441AC16FB100235D38 /* SBE.h */ = {isa = PBXFileReference; fileEncoding = 4; lastKnownFileType = sourcecode.c.h; path = SBE.h; sourceTree = "<group>"; };
		D19DE8451AC16FB100235D38 /* TextCrypt.cpp */ = {isa = PBXFileReference; fileEncoding = 4; lastKnownFileType = sourcecode.cpp.cpp; path = TextCrypt.cpp; sourceTree = "<group>"; };
		D19DE8461AC16FB100235D38 /* TextCrypt.h */ = {isa = PBXFileReference; fileEncoding = 4; lastKnownFileType = sourcecode.c.h; path = TextCrypt.h; sourceTree = "<group>"; };
		D19DE8471AC16FB100235D38 /* Util.cpp */ = {isa = PBXFileReference; fileEncoding = 4; lastKnownFileType = sourcecode.cpp.cpp; path = Util.cpp; sourceTree = "<group>"; };
		D19DE84E1AC16FF500235D38 /* MIEServer.cpp */ = {isa = PBXFileReference; fileEncoding = 4; lastKnownFileType = sourcecode.cpp.cpp; path = MIEServer.cpp; sourceTree = "<group>"; };
		D19DE84F1AC16FF500235D38 /* ServerUtil.cpp */ = {isa = PBXFileReference; fileEncoding = 4; lastKnownFileType = sourcecode.cpp.cpp; path = ServerUtil.cpp; sourceTree = "<group>"; };
		D19DE85A1AC1724000235D38 /* libcrypto.a */ = {isa = PBXFileReference; lastKnownFileType = archive.ar; name = libcrypto.a; path = /usr/local/ssl/macosx/lib/libcrypto.a; sourceTree = "<absolute>"; };
		D19DE85B1AC1724000235D38 /* libssl.a */ = {isa = PBXFileReference; lastKnownFileType = archive.ar; name = libssl.a; path = /usr/local/ssl/macosx/lib/libssl.a; sourceTree = "<absolute>"; };
		D1A697CA1BCCF239008635D6 /* Makefile */ = {isa = PBXFileReference; fileEncoding = 4; lastKnownFileType = sourcecode.make; path = Makefile; sourceTree = "<group>"; };
		D1A697CC1BCCF285008635D6 /* Makefile */ = {isa = PBXFileReference; fileEncoding = 4; lastKnownFileType = sourcecode.make; path = Makefile; sourceTree = "<group>"; };
		D1D788031AEFBF3700EB7B27 /* SSEClient.cpp */ = {isa = PBXFileReference; fileEncoding = 4; lastKnownFileType = sourcecode.cpp.cpp; path = SSEClient.cpp; sourceTree = "<group>"; };
		D1D788041AEFBF3700EB7B27 /* SSEClient.h */ = {isa = PBXFileReference; fileEncoding = 4; lastKnownFileType = sourcecode.c.h; path = SSEClient.h; sourceTree = "<group>"; };
		D1D788061AF2228C00EB7B27 /* SSECrypt.cpp */ = {isa = PBXFileReference; fileEncoding = 4; lastKnownFileType = sourcecode.cpp.cpp; path = SSECrypt.cpp; sourceTree = "<group>"; };
		D1D788071AF2228D00EB7B27 /* SSECrypt.h */ = {isa = PBXFileReference; fileEncoding = 4; lastKnownFileType = sourcecode.c.h; path = SSECrypt.h; sourceTree = "<group>"; };
		D1D788091AF2706100EB7B27 /* SSEServer.cpp */ = {isa = PBXFileReference; fileEncoding = 4; lastKnownFileType = sourcecode.cpp.cpp; path = SSEServer.cpp; sourceTree = "<group>"; };
		D1D7880D1AF2928000EB7B27 /* Main.cpp */ = {isa = PBXFileReference; fileEncoding = 4; lastKnownFileType = sourcecode.cpp.cpp; path = Main.cpp; sourceTree = "<group>"; };
		D1D7880F1AF4DC6700EB7B27 /* MIEServer.h */ = {isa = PBXFileReference; fileEncoding = 4; lastKnownFileType = sourcecode.c.h; path = MIEServer.h; sourceTree = "<group>"; };
		D1D788141AF6685E00EB7B27 /* SSEServer.h */ = {isa = PBXFileReference; fileEncoding = 4; lastKnownFileType = sourcecode.c.h; path = SSEServer.h; sourceTree = "<group>"; };
		D1D788151AF773C700EB7B27 /* Util.h */ = {isa = PBXFileReference; fileEncoding = 4; lastKnownFileType = sourcecode.c.h; path = Util.h; sourceTree = "<group>"; };
		D1F63BFB1B00E25C00B2FCF1 /* ServerUtil.h */ = {isa = PBXFileReference; fileEncoding = 4; lastKnownFileType = sourcecode.c.h; path = ServerUtil.h; sourceTree = "<group>"; };
/* End PBXFileReference section */

/* Begin PBXFrameworksBuildPhase section */
		D19DE8271AC16F3400235D38 /* Frameworks */ = {
			isa = PBXFrameworksBuildPhase;
			buildActionMask = 2147483647;
			files = (
				D104E6E61B051DFD007E89B9 /* libz.dylib in Frameworks */,
				D19DE85C1AC1724000235D38 /* libcrypto.a in Frameworks */,
				D19DE85D1AC1724000235D38 /* libssl.a in Frameworks */,
				D1508DB71AC1838D003D3387 /* libopencv_calib3d.2.4.dylib in Frameworks */,
				D1508DB81AC1838D003D3387 /* libopencv_contrib.2.4.dylib in Frameworks */,
				D1508DB91AC1838D003D3387 /* libopencv_core.2.4.dylib in Frameworks */,
				D1508DBA1AC1838D003D3387 /* libopencv_features2d.2.4.dylib in Frameworks */,
				D1508DBB1AC1838D003D3387 /* libopencv_flann.2.4.dylib in Frameworks */,
				D1508DBC1AC1838D003D3387 /* libopencv_gpu.2.4.dylib in Frameworks */,
				D1508DBD1AC1838D003D3387 /* libopencv_legacy.2.4.dylib in Frameworks */,
				D1508DBE1AC1838D003D3387 /* libopencv_ml.2.4.dylib in Frameworks */,
				D1508DBF1AC1838D003D3387 /* libopencv_nonfree.2.4.dylib in Frameworks */,
				D1508DC01AC1838D003D3387 /* libopencv_objdetect.2.4.dylib in Frameworks */,
				D1508DC11AC1838D003D3387 /* libopencv_ocl.2.4.dylib in Frameworks */,
				D1508DC21AC1838D003D3387 /* libopencv_photo.2.4.dylib in Frameworks */,
				D1508DCB1AC183B4003D3387 /* libopencv_highgui.2.4.dylib in Frameworks */,
				D1508DCC1AC183B4003D3387 /* libopencv_imgproc.2.4.dylib in Frameworks */,
				D1508DC31AC1838D003D3387 /* libopencv_stitching.2.4.dylib in Frameworks */,
				D1508DC41AC1838D003D3387 /* libopencv_superres.2.4.dylib in Frameworks */,
				D1508DC51AC1838D003D3387 /* libopencv_video.2.4.dylib in Frameworks */,
				D1508DC61AC1838D003D3387 /* libopencv_videostab.2.4.dylib in Frameworks */,
			);
			runOnlyForDeploymentPostprocessing = 0;
		};
		D19DE8351AC16F8F00235D38 /* Frameworks */ = {
			isa = PBXFrameworksBuildPhase;
			buildActionMask = 2147483647;
			files = (
				D11388201BC6B00F008CCA5D /* libcrypto.a in Frameworks */,
				D11388211BC6B00F008CCA5D /* libssl.a in Frameworks */,
				D104E6E51B0513AF007E89B9 /* libz.dylib in Frameworks */,
				D1508DDD1AC32FC7003D3387 /* libopencv_calib3d.3.0.dylib in Frameworks */,
				D1508DDE1AC32FC7003D3387 /* libopencv_core.3.0.dylib in Frameworks */,
				D1508DDF1AC32FC7003D3387 /* libopencv_features2d.3.0.dylib in Frameworks */,
				D1508DE01AC32FC7003D3387 /* libopencv_flann.3.0.dylib in Frameworks */,
				D1508DE11AC32FC7003D3387 /* libopencv_highgui.3.0.dylib in Frameworks */,
				D1508DE21AC32FC7003D3387 /* libopencv_imgcodecs.3.0.dylib in Frameworks */,
				D1508DE31AC32FC7003D3387 /* libopencv_imgproc.3.0.dylib in Frameworks */,
				D1508DE41AC32FC7003D3387 /* libopencv_ml.3.0.dylib in Frameworks */,
				D1508DE51AC32FC7003D3387 /* libopencv_objdetect.3.0.dylib in Frameworks */,
				D1508DE61AC32FC7003D3387 /* libopencv_photo.3.0.dylib in Frameworks */,
				D1508DE71AC32FC7003D3387 /* libopencv_shape.3.0.dylib in Frameworks */,
				D1508DE81AC32FC7003D3387 /* libopencv_stitching.3.0.dylib in Frameworks */,
				D1508DE91AC32FC7003D3387 /* libopencv_superres.3.0.dylib in Frameworks */,
				D1508DEA1AC32FC7003D3387 /* libopencv_video.3.0.dylib in Frameworks */,
				D1508DEB1AC32FC7003D3387 /* libopencv_videoio.3.0.dylib in Frameworks */,
				D1508DEC1AC32FC7003D3387 /* libopencv_videostab.3.0.dylib in Frameworks */,
			);
			runOnlyForDeploymentPostprocessing = 0;
		};
/* End PBXFrameworksBuildPhase section */

/* Begin PBXGroup section */
		D19DE8211AC16F3400235D38 = {
			isa = PBXGroup;
			children = (
				D19DE85E1AC1727B00235D38 /* lib */,
				D19DE82C1AC16F3400235D38 /* Client */,
				D19DE8391AC16F8F00235D38 /* Server */,
				D19DE82B1AC16F3400235D38 /* Products */,
			);
			sourceTree = "<group>";
		};
		D19DE82B1AC16F3400235D38 /* Products */ = {
			isa = PBXGroup;
			children = (
				D19DE82A1AC16F3400235D38 /* Client */,
				D19DE8381AC16F8F00235D38 /* Server */,
			);
			name = Products;
			sourceTree = "<group>";
		};
		D19DE82C1AC16F3400235D38 /* Client */ = {
			isa = PBXGroup;
			children = (
				D1A697CC1BCCF285008635D6 /* Makefile */,
				D19DE83F1AC16FB100235D38 /* EnglishAnalyzer.cpp */,
				D19DE8401AC16FB100235D38 /* EnglishAnalyzer.h */,
				D19DE8431AC16FB100235D38 /* SBE.cpp */,
				D19DE8441AC16FB100235D38 /* SBE.h */,
				D19DE8451AC16FB100235D38 /* TextCrypt.cpp */,
				D19DE8461AC16FB100235D38 /* TextCrypt.h */,
				D19DE8471AC16FB100235D38 /* Util.cpp */,
				D1D788151AF773C700EB7B27 /* Util.h */,
				D1508DFD1AC5A5FF003D3387 /* MIEClient.cpp */,
				D1508DFE1AC5A5FF003D3387 /* MIEClient.h */,
				D1D788031AEFBF3700EB7B27 /* SSEClient.cpp */,
				D1D788041AEFBF3700EB7B27 /* SSEClient.h */,
				D1D788061AF2228C00EB7B27 /* SSECrypt.cpp */,
				D1D788071AF2228D00EB7B27 /* SSECrypt.h */,
				D19DE8411AC16FB100235D38 /* Main.cpp */,
				D19DE8421AC16FB100235D38 /* PorterStemmer.c */,
				D104E6E21B04F245007E89B9 /* portable_endian.h */,
				D102B3AA1BB5AE4100140E2E /* CashClient.cpp */,
				D102B3AB1BB5AE4200140E2E /* CashClient.hpp */,
				D15891311BBD762F00231D72 /* CashCrypt.cpp */,
				D15891321BBD763000231D72 /* CashCrypt.hpp */,
			);
			name = Client;
			path = MIE;
			sourceTree = "<group>";
		};
		D19DE8391AC16F8F00235D38 /* Server */ = {
			isa = PBXGroup;
			children = (
				D144F5CB1BD1350400811024 /* MIEServerMT.cpp */,
				D144F5CC1BD1350400811024 /* MIEServerMT.h */,
				D1A697CA1BCCF239008635D6 /* Makefile */,
				D19DE84E1AC16FF500235D38 /* MIEServer.cpp */,
				D1D7880F1AF4DC6700EB7B27 /* MIEServer.h */,
				D1D788091AF2706100EB7B27 /* SSEServer.cpp */,
				D1D788141AF6685E00EB7B27 /* SSEServer.h */,
				D19DE84F1AC16FF500235D38 /* ServerUtil.cpp */,
				D1F63BFB1B00E25C00B2FCF1 /* ServerUtil.h */,
				D1D7880D1AF2928000EB7B27 /* Main.cpp */,
				D104E6E31B05046B007E89B9 /* portable_endian.h */,
				D10C77551BC421F500BAAB0F /* CashServer.cpp */,
				D10C77561BC421F600BAAB0F /* CashServer.hpp */,
				D144F5C91BD12E0700811024 /* ThreadPool.h */,
			);
			path = Server;
			sourceTree = "<group>";
		};
		D19DE85E1AC1727B00235D38 /* lib */ = {
			isa = PBXGroup;
			children = (
				D104E6E41B0513AF007E89B9 /* libz.dylib */,
				D19DE8601AC1729500235D38 /* Server */,
				D19DE85F1AC1728900235D38 /* Client */,
			);
			name = lib;
			sourceTree = "<group>";
		};
		D19DE85F1AC1728900235D38 /* Client */ = {
			isa = PBXGroup;
			children = (
				D1508DC71AC183B0003D3387 /* libopencv_highgui.2.4.dylib */,
				D1508DC81AC183B0003D3387 /* libopencv_imgproc.2.4.dylib */,
				D1508D971AC18387003D3387 /* libopencv_calib3d.2.4.dylib */,
				D1508D981AC18387003D3387 /* libopencv_contrib.2.4.dylib */,
				D1508D991AC18387003D3387 /* libopencv_core.2.4.dylib */,
				D1508D9A1AC18387003D3387 /* libopencv_features2d.2.4.dylib */,
				D1508D9B1AC18387003D3387 /* libopencv_flann.2.4.dylib */,
				D1508D9C1AC18387003D3387 /* libopencv_gpu.2.4.dylib */,
				D1508D9D1AC18387003D3387 /* libopencv_legacy.2.4.dylib */,
				D1508D9E1AC18387003D3387 /* libopencv_ml.2.4.dylib */,
				D1508D9F1AC18387003D3387 /* libopencv_nonfree.2.4.dylib */,
				D1508DA01AC18387003D3387 /* libopencv_objdetect.2.4.dylib */,
				D1508DA11AC18387003D3387 /* libopencv_ocl.2.4.dylib */,
				D1508DA21AC18387003D3387 /* libopencv_photo.2.4.dylib */,
				D1508DA31AC18387003D3387 /* libopencv_stitching.2.4.dylib */,
				D1508DA41AC18387003D3387 /* libopencv_superres.2.4.dylib */,
				D1508DA51AC18387003D3387 /* libopencv_video.2.4.dylib */,
				D1508DA61AC18387003D3387 /* libopencv_videostab.2.4.dylib */,
				D19DE85A1AC1724000235D38 /* libcrypto.a */,
				D19DE85B1AC1724000235D38 /* libssl.a */,
			);
			name = Client;
			sourceTree = "<group>";
		};
		D19DE8601AC1729500235D38 /* Server */ = {
			isa = PBXGroup;
			children = (
				D1508DCD1AC32FC7003D3387 /* libopencv_calib3d.3.0.dylib */,
				D1508DCE1AC32FC7003D3387 /* libopencv_core.3.0.dylib */,
				D1508DCF1AC32FC7003D3387 /* libopencv_features2d.3.0.dylib */,
				D1508DD01AC32FC7003D3387 /* libopencv_flann.3.0.dylib */,
				D1508DD11AC32FC7003D3387 /* libopencv_highgui.3.0.dylib */,
				D1508DD21AC32FC7003D3387 /* libopencv_imgcodecs.3.0.dylib */,
				D1508DD31AC32FC7003D3387 /* libopencv_imgproc.3.0.dylib */,
				D1508DD41AC32FC7003D3387 /* libopencv_ml.3.0.dylib */,
				D1508DD51AC32FC7003D3387 /* libopencv_objdetect.3.0.dylib */,
				D1508DD61AC32FC7003D3387 /* libopencv_photo.3.0.dylib */,
				D1508DD71AC32FC7003D3387 /* libopencv_shape.3.0.dylib */,
				D1508DD81AC32FC7003D3387 /* libopencv_stitching.3.0.dylib */,
				D1508DD91AC32FC7003D3387 /* libopencv_superres.3.0.dylib */,
				D1508DDA1AC32FC7003D3387 /* libopencv_video.3.0.dylib */,
				D1508DDB1AC32FC7003D3387 /* libopencv_videoio.3.0.dylib */,
				D1508DDC1AC32FC7003D3387 /* libopencv_videostab.3.0.dylib */,
			);
			name = Server;
			sourceTree = "<group>";
		};
/* End PBXGroup section */

/* Begin PBXNativeTarget section */
		D19DE8291AC16F3400235D38 /* Client */ = {
			isa = PBXNativeTarget;
			buildConfigurationList = D19DE8311AC16F3400235D38 /* Build configuration list for PBXNativeTarget "Client" */;
			buildPhases = (
				D19DE8261AC16F3400235D38 /* Sources */,
				D19DE8271AC16F3400235D38 /* Frameworks */,
				D1508D561AC18326003D3387 /* CopyFiles */,
			);
			buildRules = (
			);
			dependencies = (
			);
			name = Client;
			productName = MIE;
			productReference = D19DE82A1AC16F3400235D38 /* Client */;
			productType = "com.apple.product-type.tool";
		};
		D19DE8371AC16F8F00235D38 /* Server */ = {
			isa = PBXNativeTarget;
			buildConfigurationList = D19DE83C1AC16F8F00235D38 /* Build configuration list for PBXNativeTarget "Server" */;
			buildPhases = (
				D19DE8341AC16F8F00235D38 /* Sources */,
				D19DE8351AC16F8F00235D38 /* Frameworks */,
				D19DE88D1AC17FBD00235D38 /* CopyFiles */,
			);
			buildRules = (
			);
			dependencies = (
			);
			name = Server;
			productName = Server;
			productReference = D19DE8381AC16F8F00235D38 /* Server */;
			productType = "com.apple.product-type.tool";
		};
/* End PBXNativeTarget section */

/* Begin PBXProject section */
		D19DE8221AC16F3400235D38 /* Project object */ = {
			isa = PBXProject;
			attributes = {
				LastUpgradeCheck = 0700;
				ORGANIZATIONNAME = NovaSYS;
				TargetAttributes = {
					D19DE8291AC16F3400235D38 = {
						CreatedOnToolsVersion = 6.2;
					};
					D19DE8371AC16F8F00235D38 = {
						CreatedOnToolsVersion = 6.2;
					};
				};
			};
			buildConfigurationList = D19DE8251AC16F3400235D38 /* Build configuration list for PBXProject "MIE" */;
			compatibilityVersion = "Xcode 3.2";
			developmentRegion = English;
			hasScannedForEncodings = 0;
			knownRegions = (
				en,
			);
			mainGroup = D19DE8211AC16F3400235D38;
			productRefGroup = D19DE82B1AC16F3400235D38 /* Products */;
			projectDirPath = "";
			projectRoot = "";
			targets = (
				D19DE8291AC16F3400235D38 /* Client */,
				D19DE8371AC16F8F00235D38 /* Server */,
			);
		};
/* End PBXProject section */

/* Begin PBXSourcesBuildPhase section */
		D19DE8261AC16F3400235D38 /* Sources */ = {
			isa = PBXSourcesBuildPhase;
			buildActionMask = 2147483647;
			files = (
				D1D788161AF7756C00EB7B27 /* Util.cpp in Sources */,
				D1508E001AC5AF3B003D3387 /* MIEClient.cpp in Sources */,
				D102B3AC1BB5AE4200140E2E /* CashClient.cpp in Sources */,
				D15891331BBD763000231D72 /* CashCrypt.cpp in Sources */,
				D19DE8491AC16FB100235D38 /* Main.cpp in Sources */,
				D1D788081AF2228D00EB7B27 /* SSECrypt.cpp in Sources */,
				D1D788051AEFBF3800EB7B27 /* SSEClient.cpp in Sources */,
				D19DE8481AC16FB100235D38 /* EnglishAnalyzer.cpp in Sources */,
				D19DE84B1AC16FB100235D38 /* SBE.cpp in Sources */,
				D19DE84C1AC16FB100235D38 /* TextCrypt.cpp in Sources */,
			);
			runOnlyForDeploymentPostprocessing = 0;
		};
		D19DE8341AC16F8F00235D38 /* Sources */ = {
			isa = PBXSourcesBuildPhase;
			buildActionMask = 2147483647;
			files = (
				D1F63BFC1B00E4C900B2FCF1 /* ServerUtil.cpp in Sources */,
				D144F5CD1BD1350400811024 /* MIEServerMT.cpp in Sources */,
				D10C77571BC421F600BAAB0F /* CashServer.cpp in Sources */,
				D1D788101AF4E09A00EB7B27 /* MIEServer.cpp in Sources */,
				D1D788111AF4E09A00EB7B27 /* SSEServer.cpp in Sources */,
				D1D7880E1AF2928000EB7B27 /* Main.cpp in Sources */,
			);
			runOnlyForDeploymentPostprocessing = 0;
		};
/* End PBXSourcesBuildPhase section */

/* Begin XCBuildConfiguration section */
		D19DE82F1AC16F3400235D38 /* Debug */ = {
			isa = XCBuildConfiguration;
			buildSettings = {
				ALWAYS_SEARCH_USER_PATHS = NO;
				CLANG_CXX_LANGUAGE_STANDARD = "gnu++0x";
				CLANG_CXX_LIBRARY = "libc++";
				CLANG_ENABLE_MODULES = YES;
				CLANG_ENABLE_OBJC_ARC = YES;
				CLANG_WARN_BOOL_CONVERSION = YES;
				CLANG_WARN_CONSTANT_CONVERSION = YES;
				CLANG_WARN_DIRECT_OBJC_ISA_USAGE = YES_ERROR;
				CLANG_WARN_EMPTY_BODY = YES;
				CLANG_WARN_ENUM_CONVERSION = YES;
				CLANG_WARN_INT_CONVERSION = YES;
				CLANG_WARN_OBJC_ROOT_CLASS = YES_ERROR;
				CLANG_WARN_UNREACHABLE_CODE = YES;
				CLANG_WARN__DUPLICATE_METHOD_MATCH = YES;
				COPY_PHASE_STRIP = NO;
				ENABLE_STRICT_OBJC_MSGSEND = YES;
				ENABLE_TESTABILITY = YES;
				GCC_C_LANGUAGE_STANDARD = gnu99;
				GCC_DYNAMIC_NO_PIC = NO;
				GCC_OPTIMIZATION_LEVEL = 0;
				GCC_PREPROCESSOR_DEFINITIONS = (
					"DEBUG=1",
					"$(inherited)",
				);
				GCC_SYMBOLS_PRIVATE_EXTERN = NO;
				GCC_WARN_64_TO_32_BIT_CONVERSION = YES;
				GCC_WARN_ABOUT_RETURN_TYPE = YES_ERROR;
				GCC_WARN_UNDECLARED_SELECTOR = YES;
				GCC_WARN_UNINITIALIZED_AUTOS = YES_AGGRESSIVE;
				GCC_WARN_UNUSED_FUNCTION = YES;
				GCC_WARN_UNUSED_VARIABLE = YES;
				MACOSX_DEPLOYMENT_TARGET = 10.10;
				MTL_ENABLE_DEBUG_INFO = YES;
				ONLY_ACTIVE_ARCH = YES;
				SDKROOT = macosx;
			};
			name = Debug;
		};
		D19DE8301AC16F3400235D38 /* Release */ = {
			isa = XCBuildConfiguration;
			buildSettings = {
				ALWAYS_SEARCH_USER_PATHS = NO;
				CLANG_CXX_LANGUAGE_STANDARD = "gnu++0x";
				CLANG_CXX_LIBRARY = "libc++";
				CLANG_ENABLE_MODULES = YES;
				CLANG_ENABLE_OBJC_ARC = YES;
				CLANG_WARN_BOOL_CONVERSION = YES;
				CLANG_WARN_CONSTANT_CONVERSION = YES;
				CLANG_WARN_DIRECT_OBJC_ISA_USAGE = YES_ERROR;
				CLANG_WARN_EMPTY_BODY = YES;
				CLANG_WARN_ENUM_CONVERSION = YES;
				CLANG_WARN_INT_CONVERSION = YES;
				CLANG_WARN_OBJC_ROOT_CLASS = YES_ERROR;
				CLANG_WARN_UNREACHABLE_CODE = YES;
				CLANG_WARN__DUPLICATE_METHOD_MATCH = YES;
				COPY_PHASE_STRIP = NO;
				DEBUG_INFORMATION_FORMAT = "dwarf-with-dsym";
				ENABLE_NS_ASSERTIONS = NO;
				ENABLE_STRICT_OBJC_MSGSEND = YES;
				GCC_C_LANGUAGE_STANDARD = gnu99;
				GCC_WARN_64_TO_32_BIT_CONVERSION = YES;
				GCC_WARN_ABOUT_RETURN_TYPE = YES_ERROR;
				GCC_WARN_UNDECLARED_SELECTOR = YES;
				GCC_WARN_UNINITIALIZED_AUTOS = YES_AGGRESSIVE;
				GCC_WARN_UNUSED_FUNCTION = YES;
				GCC_WARN_UNUSED_VARIABLE = YES;
				MACOSX_DEPLOYMENT_TARGET = 10.10;
				MTL_ENABLE_DEBUG_INFO = NO;
				SDKROOT = macosx;
			};
			name = Release;
		};
		D19DE8321AC16F3400235D38 /* Debug */ = {
			isa = XCBuildConfiguration;
			buildSettings = {
				HEADER_SEARCH_PATHS = (
					"$(inherited)",
					/Applications/Xcode.app/Contents/Developer/Toolchains/XcodeDefault.xctoolchain/usr/include,
					/usr/local/opencv/opencv2.4/include/,
					/usr/local/ssl/macosx/include/,
				);
				LIBRARY_SEARCH_PATHS = (
					/usr/local/opencv/opencv2.4/lib/,
					/usr/local/ssl/macosx/lib/,
				);
				PRODUCT_NAME = "$(TARGET_NAME)";
			};
			name = Debug;
		};
		D19DE8331AC16F3400235D38 /* Release */ = {
			isa = XCBuildConfiguration;
			buildSettings = {
				HEADER_SEARCH_PATHS = (
					"$(inherited)",
					/Applications/Xcode.app/Contents/Developer/Toolchains/XcodeDefault.xctoolchain/usr/include,
					/usr/local/opencv/opencv2.4/include/,
					/usr/local/ssl/macosx/include/,
				);
				LIBRARY_SEARCH_PATHS = (
					/usr/local/opencv/opencv2.4/lib/,
					/usr/local/ssl/macosx/lib/,
					/usr/local/opencv/opencv2.4/lib,
					/usr/local/ssl/macosx/lib,
				);
				PRODUCT_NAME = "$(TARGET_NAME)";
			};
			name = Release;
		};
		D19DE83D1AC16F8F00235D38 /* Debug */ = {
			isa = XCBuildConfiguration;
			buildSettings = {
				ALWAYS_SEARCH_USER_PATHS = NO;
				CLANG_CXX_LANGUAGE_STANDARD = "gnu++0x";
				GCC_PREPROCESSOR_DEFINITIONS = (
					"DEBUG=1",
					"$(inherited)",
				);
				HEADER_SEARCH_PATHS = (
					"$(inherited)",
					/Applications/Xcode.app/Contents/Developer/Toolchains/XcodeDefault.xctoolchain/usr/include,
					/usr/local/opencv/opencvMaster/include,
					/usr/local/ssl/macosx/include/,
				);
				LIBRARY_SEARCH_PATHS = (
					"$(inherited)",
					/usr/local/opencv/opencvMaster/lib,
					/usr/local/ssl/macosx/lib/,
					/usr/local/ssl/macosx/lib,
				);
				PRODUCT_NAME = "$(TARGET_NAME)";
			};
			name = Debug;
		};
		D19DE83E1AC16F8F00235D38 /* Release */ = {
			isa = XCBuildConfiguration;
			buildSettings = {
				ALWAYS_SEARCH_USER_PATHS = NO;
				CLANG_CXX_LANGUAGE_STANDARD = "gnu++0x";
				HEADER_SEARCH_PATHS = (
					"$(inherited)",
					/Applications/Xcode.app/Contents/Developer/Toolchains/XcodeDefault.xctoolchain/usr/include,
					/usr/local/opencv/opencvMaster/include,
					/usr/local/ssl/macosx/include/,
				);
				LIBRARY_SEARCH_PATHS = (
					"$(inherited)",
					/usr/local/opencv/opencvMaster/lib,
					/usr/local/ssl/macosx/lib/,
					/usr/local/ssl/macosx/lib,
				);
				PRODUCT_NAME = "$(TARGET_NAME)";
			};
			name = Release;
		};
/* End XCBuildConfiguration section */

/* Begin XCConfigurationList section */
		D19DE8251AC16F3400235D38 /* Build configuration list for PBXProject "MIE" */ = {
			isa = XCConfigurationList;
			buildConfigurations = (
				D19DE82F1AC16F3400235D38 /* Debug */,
				D19DE8301AC16F3400235D38 /* Release */,
			);
			defaultConfigurationIsVisible = 0;
			defaultConfigurationName = Release;
		};
		D19DE8311AC16F3400235D38 /* Build configuration list for PBXNativeTarget "Client" */ = {
			isa = XCConfigurationList;
			buildConfigurations = (
				D19DE8321AC16F3400235D38 /* Debug */,
				D19DE8331AC16F3400235D38 /* Release */,
			);
			defaultConfigurationIsVisible = 0;
			defaultConfigurationName = Release;
		};
		D19DE83C1AC16F8F00235D38 /* Build configuration list for PBXNativeTarget "Server" */ = {
			isa = XCConfigurationList;
			buildConfigurations = (
				D19DE83D1AC16F8F00235D38 /* Debug */,
				D19DE83E1AC16F8F00235D38 /* Release */,
			);
			defaultConfigurationIsVisible = 0;
			defaultConfigurationName = Release;
		};
/* End XCConfigurationList section */
	};
	rootObject = D19DE8221AC16F3400235D38 /* Project object */;
}
